PODS:
  - APParallaxHeader (0.1.6)
  - SWTableViewCell (0.3.7)

DEPENDENCIES:
  - APParallaxHeader
  - SWTableViewCell (~> 0.3.7)

SPEC CHECKSUMS:
  APParallaxHeader: 854bc48a2487ca12c702f8a236fec0d89cdac5c3
  SWTableViewCell: 2a94aadc9d47b2b611fa064566bf57948b95b579

PODFILE CHECKSUM: 68c984a6fe1a674366f8564284712d65f8f80b47

COCOAPODS: 1.0.1
